
Microsoft Visual Studio Solution File, Format Version 12.00
# Visual Studio Version 17
VisualStudioVersion = 17.3.32825.248
MinimumVisualStudioVersion = 10.0.40219.1
Project("{FAE04EC0-301F-11D3-BF4B-00C04F79EFBC}") = "Identity", "Identity\Identity.csproj", "{761C6F18-F4F2-4559-9E1F-32C34F7D4D1C}"
EndProject
Global
	GlobalSection(SolutionConfigurationPlatforms) = preSolution
		Debug|Any CPU = Debug|Any CPU
		Release|Any CPU = Release|Any CPU
	EndGlobalSection
	GlobalSection(ProjectConfigurationPlatforms) = postSolution
		{761C6F18-F4F2-4559-9E1F-32C34F7D4D1C}.Debug|Any CPU.ActiveCfg = Debug|Any CPU
		{761C6F18-F4F2-4559-9E1F-32C34F7D4D1C}.Debug|Any CPU.Build.0 = Debug|Any CPU
		{761C6F18-F4F2-4559-9E1F-32C34F7D4D1C}.Release|Any CPU.ActiveCfg = Release|Any CPU
		{761C6F18-F4F2-4559-9E1F-32C34F7D4D1C}.Release|Any CPU.Build.0 = Release|Any CPU
	EndGlobalSection
	GlobalSection(SolutionProperties) = preSolution
		HideSolutionNode = FALSE
	EndGlobalSection
	GlobalSection(ExtensibilityGlobals) = postSolution
		SolutionGuid = {C6659817-C7EB-4CFC-9664-A8B53042C12E}
	EndGlobalSection
EndGlobal
